// !$*UTF8*$!
{
	archiveVersion = 1;
	classes = {
	};
	objectVersion = 56;
	objects = {

/* Begin PBXBuildFile section */
		EA10DF4C2AB14C76007CD4A4 /* AppDelegate.swift in Sources */ = {isa = PBXBuildFile; fileRef = EA10DF4B2AB14C76007CD4A4 /* AppDelegate.swift */; };
		EA10DF4E2AB14C76007CD4A4 /* SceneDelegate.swift in Sources */ = {isa = PBXBuildFile; fileRef = EA10DF4D2AB14C76007CD4A4 /* SceneDelegate.swift */; };
		EA10DF552AB14C78007CD4A4 /* Assets.xcassets in Resources */ = {isa = PBXBuildFile; fileRef = EA10DF542AB14C78007CD4A4 /* Assets.xcassets */; };
		EA10DF582AB14C78007CD4A4 /* LaunchScreen.storyboard in Resources */ = {isa = PBXBuildFile; fileRef = EA10DF562AB14C78007CD4A4 /* LaunchScreen.storyboard */; };
		EA10DF662AB14FB3007CD4A4 /* HomeUseCases.swift in Sources */ = {isa = PBXBuildFile; fileRef = EA10DF652AB14FB3007CD4A4 /* HomeUseCases.swift */; };
		EA10DF682AB14FC2007CD4A4 /* HomeRepoProtocol.swift in Sources */ = {isa = PBXBuildFile; fileRef = EA10DF672AB14FC2007CD4A4 /* HomeRepoProtocol.swift */; };
		EA10DF6B2AB14FF1007CD4A4 /* HomeModel.swift in Sources */ = {isa = PBXBuildFile; fileRef = EA10DF6A2AB14FF1007CD4A4 /* HomeModel.swift */; };
		EA10DF702AB15020007CD4A4 /* HomeViewController.swift in Sources */ = {isa = PBXBuildFile; fileRef = EA10DF6E2AB15020007CD4A4 /* HomeViewController.swift */; };
		EA10DF712AB15020007CD4A4 /* HomeViewController.xib in Resources */ = {isa = PBXBuildFile; fileRef = EA10DF6F2AB15020007CD4A4 /* HomeViewController.xib */; };
		EA10DF732AB1502C007CD4A4 /* HomeViewModel.swift in Sources */ = {isa = PBXBuildFile; fileRef = EA10DF722AB1502C007CD4A4 /* HomeViewModel.swift */; };
		EA10DF762AB15053007CD4A4 /* HomeRepoImplementation.swift in Sources */ = {isa = PBXBuildFile; fileRef = EA10DF752AB15053007CD4A4 /* HomeRepoImplementation.swift */; };
/* End PBXBuildFile section */

/* Begin PBXFileReference section */
		EA10DF482AB14C76007CD4A4 /* MvvmAndCleanArchitecture.app */ = {isa = PBXFileReference; explicitFileType = wrapper.application; includeInIndex = 0; path = MvvmAndCleanArchitecture.app; sourceTree = BUILT_PRODUCTS_DIR; };
		EA10DF4B2AB14C76007CD4A4 /* AppDelegate.swift */ = {isa = PBXFileReference; lastKnownFileType = sourcecode.swift; path = AppDelegate.swift; sourceTree = "<group>"; };
		EA10DF4D2AB14C76007CD4A4 /* SceneDelegate.swift */ = {isa = PBXFileReference; lastKnownFileType = sourcecode.swift; path = SceneDelegate.swift; sourceTree = "<group>"; };
		EA10DF542AB14C78007CD4A4 /* Assets.xcassets */ = {isa = PBXFileReference; lastKnownFileType = folder.assetcatalog; path = Assets.xcassets; sourceTree = "<group>"; };
		EA10DF572AB14C78007CD4A4 /* Base */ = {isa = PBXFileReference; lastKnownFileType = file.storyboard; name = Base; path = Base.lproj/LaunchScreen.storyboard; sourceTree = "<group>"; };
		EA10DF592AB14C78007CD4A4 /* Info.plist */ = {isa = PBXFileReference; lastKnownFileType = text.plist.xml; path = Info.plist; sourceTree = "<group>"; };
		EA10DF652AB14FB3007CD4A4 /* HomeUseCases.swift */ = {isa = PBXFileReference; lastKnownFileType = sourcecode.swift; path = HomeUseCases.swift; sourceTree = "<group>"; };
		EA10DF672AB14FC2007CD4A4 /* HomeRepoProtocol.swift */ = {isa = PBXFileReference; lastKnownFileType = sourcecode.swift; path = HomeRepoProtocol.swift; sourceTree = "<group>"; };
		EA10DF6A2AB14FF1007CD4A4 /* HomeModel.swift */ = {isa = PBXFileReference; lastKnownFileType = sourcecode.swift; path = HomeModel.swift; sourceTree = "<group>"; };
		EA10DF6E2AB15020007CD4A4 /* HomeViewController.swift */ = {isa = PBXFileReference; lastKnownFileType = sourcecode.swift; path = HomeViewController.swift; sourceTree = "<group>"; };
		EA10DF6F2AB15020007CD4A4 /* HomeViewController.xib */ = {isa = PBXFileReference; lastKnownFileType = file.xib; path = HomeViewController.xib; sourceTree = "<group>"; };
		EA10DF722AB1502C007CD4A4 /* HomeViewModel.swift */ = {isa = PBXFileReference; lastKnownFileType = sourcecode.swift; path = HomeViewModel.swift; sourceTree = "<group>"; };
		EA10DF752AB15053007CD4A4 /* HomeRepoImplementation.swift */ = {isa = PBXFileReference; lastKnownFileType = sourcecode.swift; path = HomeRepoImplementation.swift; sourceTree = "<group>"; };
/* End PBXFileReference section */

/* Begin PBXFrameworksBuildPhase section */
		EA10DF452AB14C76007CD4A4 /* Frameworks */ = {
			isa = PBXFrameworksBuildPhase;
			buildActionMask = 2147483647;
			files = (
			);
			runOnlyForDeploymentPostprocessing = 0;
		};
/* End PBXFrameworksBuildPhase section */

/* Begin PBXGroup section */
		EA10DF3F2AB14C76007CD4A4 = {
			isa = PBXGroup;
			children = (
				EA10DF4A2AB14C76007CD4A4 /* MvvmAndCleanArchitecture */,
				EA10DF492AB14C76007CD4A4 /* Products */,
			);
			sourceTree = "<group>";
		};
		EA10DF492AB14C76007CD4A4 /* Products */ = {
			isa = PBXGroup;
			children = (
				EA10DF482AB14C76007CD4A4 /* MvvmAndCleanArchitecture.app */,
			);
			name = Products;
			sourceTree = "<group>";
		};
		EA10DF4A2AB14C76007CD4A4 /* MvvmAndCleanArchitecture */ = {
			isa = PBXGroup;
			children = (
				EA10DF622AB14F70007CD4A4 /* Home */,
				EA10DF4B2AB14C76007CD4A4 /* AppDelegate.swift */,
				EA10DF4D2AB14C76007CD4A4 /* SceneDelegate.swift */,
				EA10DF542AB14C78007CD4A4 /* Assets.xcassets */,
				EA10DF562AB14C78007CD4A4 /* LaunchScreen.storyboard */,
				EA10DF592AB14C78007CD4A4 /* Info.plist */,
			);
			path = MvvmAndCleanArchitecture;
			sourceTree = "<group>";
		};
		EA10DF5F2AB14C83007CD4A4 /* Data */ = {
			isa = PBXGroup;
			children = (
				EA10DF772AB15075007CD4A4 /* Network */,
				EA10DF742AB1503C007CD4A4 /* RepoImplementation */,
			);
			path = Data;
			sourceTree = "<group>";
		};
		EA10DF602AB14C8A007CD4A4 /* Presentation */ = {
			isa = PBXGroup;
			children = (
				EA10DF6D2AB15011007CD4A4 /* ViewModel */,
				EA10DF6C2AB15009007CD4A4 /* ViewController */,
			);
			path = Presentation;
			sourceTree = "<group>";
		};
		EA10DF612AB14C9E007CD4A4 /* Domain */ = {
			isa = PBXGroup;
			children = (
				EA10DF692AB14FE7007CD4A4 /* Model */,
				EA10DF642AB14F93007CD4A4 /* RepositoryInterface */,
				EA10DF632AB14F8B007CD4A4 /* UseCases */,
			);
			path = Domain;
			sourceTree = "<group>";
		};
		EA10DF622AB14F70007CD4A4 /* Home */ = {
			isa = PBXGroup;
			children = (
				EA10DF612AB14C9E007CD4A4 /* Domain */,
				EA10DF602AB14C8A007CD4A4 /* Presentation */,
				EA10DF5F2AB14C83007CD4A4 /* Data */,
			);
			path = Home;
			sourceTree = "<group>";
		};
		EA10DF632AB14F8B007CD4A4 /* UseCases */ = {
			isa = PBXGroup;
			children = (
				EA10DF652AB14FB3007CD4A4 /* HomeUseCases.swift */,
			);
			path = UseCases;
			sourceTree = "<group>";
		};
		EA10DF642AB14F93007CD4A4 /* RepositoryInterface */ = {
			isa = PBXGroup;
			children = (
				EA10DF672AB14FC2007CD4A4 /* HomeRepoProtocol.swift */,
			);
			path = RepositoryInterface;
			sourceTree = "<group>";
		};
		EA10DF692AB14FE7007CD4A4 /* Model */ = {
			isa = PBXGroup;
			children = (
				EA10DF6A2AB14FF1007CD4A4 /* HomeModel.swift */,
			);
			path = Model;
			sourceTree = "<group>";
		};
		EA10DF6C2AB15009007CD4A4 /* ViewController */ = {
			isa = PBXGroup;
			children = (
				EA10DF6E2AB15020007CD4A4 /* HomeViewController.swift */,
				EA10DF6F2AB15020007CD4A4 /* HomeViewController.xib */,
			);
			path = ViewController;
			sourceTree = "<group>";
		};
		EA10DF6D2AB15011007CD4A4 /* ViewModel */ = {
			isa = PBXGroup;
			children = (
				EA10DF722AB1502C007CD4A4 /* HomeViewModel.swift */,
			);
			path = ViewModel;
			sourceTree = "<group>";
		};
		EA10DF742AB1503C007CD4A4 /* RepoImplementation */ = {
			isa = PBXGroup;
			children = (
				EA10DF752AB15053007CD4A4 /* HomeRepoImplementation.swift */,
			);
			path = RepoImplementation;
			sourceTree = "<group>";
		};
		EA10DF772AB15075007CD4A4 /* Network */ = {
			isa = PBXGroup;
			children = (
			);
			path = Network;
			sourceTree = "<group>";
		};
/* End PBXGroup section */

/* Begin PBXNativeTarget section */
		EA10DF472AB14C76007CD4A4 /* MvvmAndCleanArchitecture */ = {
			isa = PBXNativeTarget;
			buildConfigurationList = EA10DF5C2AB14C78007CD4A4 /* Build configuration list for PBXNativeTarget "MvvmAndCleanArchitecture" */;
			buildPhases = (
				EA10DF442AB14C76007CD4A4 /* Sources */,
				EA10DF452AB14C76007CD4A4 /* Frameworks */,
				EA10DF462AB14C76007CD4A4 /* Resources */,
			);
			buildRules = (
			);
			dependencies = (
			);
			name = MvvmAndCleanArchitecture;
			productName = MvvmAndCleanArchitecture;
			productReference = EA10DF482AB14C76007CD4A4 /* MvvmAndCleanArchitecture.app */;
			productType = "com.apple.product-type.application";
		};
/* End PBXNativeTarget section */

/* Begin PBXProject section */
		EA10DF402AB14C76007CD4A4 /* Project object */ = {
			isa = PBXProject;
			attributes = {
				BuildIndependentTargetsInParallel = 1;
				LastSwiftUpdateCheck = 1430;
				LastUpgradeCheck = 1430;
				TargetAttributes = {
					EA10DF472AB14C76007CD4A4 = {
						CreatedOnToolsVersion = 14.3.1;
					};
				};
			};
			buildConfigurationList = EA10DF432AB14C76007CD4A4 /* Build configuration list for PBXProject "MvvmAndCleanArchitecture" */;
			compatibilityVersion = "Xcode 14.0";
			developmentRegion = en;
			hasScannedForEncodings = 0;
			knownRegions = (
				en,
				Base,
			);
			mainGroup = EA10DF3F2AB14C76007CD4A4;
			productRefGroup = EA10DF492AB14C76007CD4A4 /* Products */;
			projectDirPath = "";
			projectRoot = "";
			targets = (
				EA10DF472AB14C76007CD4A4 /* MvvmAndCleanArchitecture */,
			);
		};
/* End PBXProject section */

/* Begin PBXResourcesBuildPhase section */
		EA10DF462AB14C76007CD4A4 /* Resources */ = {
			isa = PBXResourcesBuildPhase;
			buildActionMask = 2147483647;
			files = (
				EA10DF582AB14C78007CD4A4 /* LaunchScreen.storyboard in Resources */,
				EA10DF552AB14C78007CD4A4 /* Assets.xcassets in Resources */,
				EA10DF712AB15020007CD4A4 /* HomeViewController.xib in Resources */,
			);
			runOnlyForDeploymentPostprocessing = 0;
		};
/* End PBXResourcesBuildPhase section */

/* Begin PBXSourcesBuildPhase section */
		EA10DF442AB14C76007CD4A4 /* Sources */ = {
			isa = PBXSourcesBuildPhase;
			buildActionMask = 2147483647;
			files = (
				EA10DF4C2AB14C76007CD4A4 /* AppDelegate.swift in Sources */,
				EA10DF4E2AB14C76007CD4A4 /* SceneDelegate.swift in Sources */,
				EA10DF732AB1502C007CD4A4 /* HomeViewModel.swift in Sources */,
				EA10DF682AB14FC2007CD4A4 /* HomeRepoProtocol.swift in Sources */,
				EA10DF762AB15053007CD4A4 /* HomeRepoImplementation.swift in Sources */,
				EA10DF6B2AB14FF1007CD4A4 /* HomeModel.swift in Sources */,
				EA10DF662AB14FB3007CD4A4 /* HomeUseCases.swift in Sources */,
				EA10DF702AB15020007CD4A4 /* HomeViewController.swift in Sources */,
			);
			runOnlyForDeploymentPostprocessing = 0;
		};
/* End PBXSourcesBuildPhase section */

/* Begin PBXVariantGroup section */
		EA10DF562AB14C78007CD4A4 /* LaunchScreen.storyboard */ = {
			isa = PBXVariantGroup;
			children = (
				EA10DF572AB14C78007CD4A4 /* Base */,
			);
			name = LaunchScreen.storyboard;
			sourceTree = "<group>";
		};
/* End PBXVariantGroup section */

/* Begin XCBuildConfiguration section */
		EA10DF5A2AB14C78007CD4A4 /* Debug */ = {
			isa = XCBuildConfiguration;
			buildSettings = {
				ALWAYS_SEARCH_USER_PATHS = NO;
				CLANG_ANALYZER_NONNULL = YES;
				CLANG_ANALYZER_NUMBER_OBJECT_CONVERSION = YES_AGGRESSIVE;
				CLANG_CXX_LANGUAGE_STANDARD = "gnu++20";
				CLANG_ENABLE_MODULES = YES;
				CLANG_ENABLE_OBJC_ARC = YES;
				CLANG_ENABLE_OBJC_WEAK = YES;
				CLANG_WARN_BLOCK_CAPTURE_AUTORELEASING = YES;
				CLANG_WARN_BOOL_CONVERSION = YES;
				CLANG_WARN_COMMA = YES;
				CLANG_WARN_CONSTANT_CONVERSION = YES;
				CLANG_WARN_DEPRECATED_OBJC_IMPLEMENTATIONS = YES;
				CLANG_WARN_DIRECT_OBJC_ISA_USAGE = YES_ERROR;
				CLANG_WARN_DOCUMENTATION_COMMENTS = YES;
				CLANG_WARN_EMPTY_BODY = YES;
				CLANG_WARN_ENUM_CONVERSION = YES;
				CLANG_WARN_INFINITE_RECURSION = YES;
				CLANG_WARN_INT_CONVERSION = YES;
				CLANG_WARN_NON_LITERAL_NULL_CONVERSION = YES;
				CLANG_WARN_OBJC_IMPLICIT_RETAIN_SELF = YES;
				CLANG_WARN_OBJC_LITERAL_CONVERSION = YES;
				CLANG_WARN_OBJC_ROOT_CLASS = YES_ERROR;
				CLANG_WARN_QUOTED_INCLUDE_IN_FRAMEWORK_HEADER = YES;
				CLANG_WARN_RANGE_LOOP_ANALYSIS = YES;
				CLANG_WARN_STRICT_PROTOTYPES = YES;
				CLANG_WARN_SUSPICIOUS_MOVE = YES;
				CLANG_WARN_UNGUARDED_AVAILABILITY = YES_AGGRESSIVE;
				CLANG_WARN_UNREACHABLE_CODE = YES;
				CLANG_WARN__DUPLICATE_METHOD_MATCH = YES;
				COPY_PHASE_STRIP = NO;
				DEBUG_INFORMATION_FORMAT = dwarf;
				ENABLE_STRICT_OBJC_MSGSEND = YES;
				ENABLE_TESTABILITY = YES;
				GCC_C_LANGUAGE_STANDARD = gnu11;
				GCC_DYNAMIC_NO_PIC = NO;
				GCC_NO_COMMON_BLOCKS = YES;
				GCC_OPTIMIZATION_LEVEL = 0;
				GCC_PREPROCESSOR_DEFINITIONS = (
					"DEBUG=1",
					"$(inherited)",
				);
				GCC_WARN_64_TO_32_BIT_CONVERSION = YES;
				GCC_WARN_ABOUT_RETURN_TYPE = YES_ERROR;
				GCC_WARN_UNDECLARED_SELECTOR = YES;
				GCC_WARN_UNINITIALIZED_AUTOS = YES_AGGRESSIVE;
				GCC_WARN_UNUSED_FUNCTION = YES;
				GCC_WARN_UNUSED_VARIABLE = YES;
				IPHONEOS_DEPLOYMENT_TARGET = 16.4;
				MTL_ENABLE_DEBUG_INFO = INCLUDE_SOURCE;
				MTL_FAST_MATH = YES;
				ONLY_ACTIVE_ARCH = YES;
				SDKROOT = iphoneos;
				SWIFT_ACTIVE_COMPILATION_CONDITIONS = DEBUG;
				SWIFT_OPTIMIZATION_LEVEL = "-Onone";
			};
			name = Debug;
		};
		EA10DF5B2AB14C78007CD4A4 /* Release */ = {
			isa = XCBuildConfiguration;
			buildSettings = {
				ALWAYS_SEARCH_USER_PATHS = NO;
				CLANG_ANALYZER_NONNULL = YES;
				CLANG_ANALYZER_NUMBER_OBJECT_CONVERSION = YES_AGGRESSIVE;
				CLANG_CXX_LANGUAGE_STANDARD = "gnu++20";
				CLANG_ENABLE_MODULES = YES;
				CLANG_ENABLE_OBJC_ARC = YES;
				CLANG_ENABLE_OBJC_WEAK = YES;
				CLANG_WARN_BLOCK_CAPTURE_AUTORELEASING = YES;
				CLANG_WARN_BOOL_CONVERSION = YES;
				CLANG_WARN_COMMA = YES;
				CLANG_WARN_CONSTANT_CONVERSION = YES;
				CLANG_WARN_DEPRECATED_OBJC_IMPLEMENTATIONS = YES;
				CLANG_WARN_DIRECT_OBJC_ISA_USAGE = YES_ERROR;
				CLANG_WARN_DOCUMENTATION_COMMENTS = YES;
				CLANG_WARN_EMPTY_BODY = YES;
				CLANG_WARN_ENUM_CONVERSION = YES;
				CLANG_WARN_INFINITE_RECURSION = YES;
				CLANG_WARN_INT_CONVERSION = YES;
				CLANG_WARN_NON_LITERAL_NULL_CONVERSION = YES;
				CLANG_WARN_OBJC_IMPLICIT_RETAIN_SELF = YES;
				CLANG_WARN_OBJC_LITERAL_CONVERSION = YES;
				CLANG_WARN_OBJC_ROOT_CLASS = YES_ERROR;
				CLANG_WARN_QUOTED_INCLUDE_IN_FRAMEWORK_HEADER = YES;
				CLANG_WARN_RANGE_LOOP_ANALYSIS = YES;
				CLANG_WARN_STRICT_PROTOTYPES = YES;
				CLANG_WARN_SUSPICIOUS_MOVE = YES;
				CLANG_WARN_UNGUARDED_AVAILABILITY = YES_AGGRESSIVE;
				CLANG_WARN_UNREACHABLE_CODE = YES;
				CLANG_WARN__DUPLICATE_METHOD_MATCH = YES;
				COPY_PHASE_STRIP = NO;
				DEBUG_INFORMATION_FORMAT = "dwarf-with-dsym";
				ENABLE_NS_ASSERTIONS = NO;
				ENABLE_STRICT_OBJC_MSGSEND = YES;
				GCC_C_LANGUAGE_STANDARD = gnu11;
				GCC_NO_COMMON_BLOCKS = YES;
				GCC_WARN_64_TO_32_BIT_CONVERSION = YES;
				GCC_WARN_ABOUT_RETURN_TYPE = YES_ERROR;
				GCC_WARN_UNDECLARED_SELECTOR = YES;
				GCC_WARN_UNINITIALIZED_AUTOS = YES_AGGRESSIVE;
				GCC_WARN_UNUSED_FUNCTION = YES;
				GCC_WARN_UNUSED_VARIABLE = YES;
				IPHONEOS_DEPLOYMENT_TARGET = 16.4;
				MTL_ENABLE_DEBUG_INFO = NO;
				MTL_FAST_MATH = YES;
				SDKROOT = iphoneos;
				SWIFT_COMPILATION_MODE = wholemodule;
				SWIFT_OPTIMIZATION_LEVEL = "-O";
				VALIDATE_PRODUCT = YES;
			};
			name = Release;
		};
		EA10DF5D2AB14C78007CD4A4 /* Debug */ = {
			isa = XCBuildConfiguration;
			buildSettings = {
				ASSETCATALOG_COMPILER_APPICON_NAME = AppIcon;
				ASSETCATALOG_COMPILER_GLOBAL_ACCENT_COLOR_NAME = AccentColor;
				CODE_SIGN_STYLE = Automatic;
				CURRENT_PROJECT_VERSION = 1;
				DEVELOPMENT_TEAM = X65JBYCV33;
				GENERATE_INFOPLIST_FILE = YES;
				INFOPLIST_FILE = MvvmAndCleanArchitecture/Info.plist;
				INFOPLIST_KEY_UIApplicationSupportsIndirectInputEvents = YES;
				INFOPLIST_KEY_UILaunchStoryboardName = LaunchScreen;
				INFOPLIST_KEY_UISupportedInterfaceOrientations_iPad = "UIInterfaceOrientationPortrait UIInterfaceOrientationPortraitUpsideDown UIInterfaceOrientationLandscapeLeft UIInterfaceOrientationLandscapeRight";
				INFOPLIST_KEY_UISupportedInterfaceOrientations_iPhone = "UIInterfaceOrientationPortrait UIInterfaceOrientationLandscapeLeft UIInterfaceOrientationLandscapeRight";
				LD_RUNPATH_SEARCH_PATHS = (
					"$(inherited)",
					"@executable_path/Frameworks",
				);
				MARKETING_VERSION = 1.0;
				PRODUCT_BUNDLE_IDENTIFIER = com.MvvmAndCleanArchitecture;
				PRODUCT_NAME = "$(TARGET_NAME)";
				SWIFT_EMIT_LOC_STRINGS = YES;
				SWIFT_VERSION = 5.0;
				TARGETED_DEVICE_FAMILY = "1,2";
			};
			name = Debug;
		};
		EA10DF5E2AB14C78007CD4A4 /* Release */ = {
			isa = XCBuildConfiguration;
			buildSettings = {
				ASSETCATALOG_COMPILER_APPICON_NAME = AppIcon;
				ASSETCATALOG_COMPILER_GLOBAL_ACCENT_COLOR_NAME = AccentColor;
				CODE_SIGN_STYLE = Automatic;
				CURRENT_PROJECT_VERSION = 1;
				DEVELOPMENT_TEAM = X65JBYCV33;
				GENERATE_INFOPLIST_FILE = YES;
				INFOPLIST_FILE = MvvmAndCleanArchitecture/Info.plist;
				INFOPLIST_KEY_UIApplicationSupportsIndirectInputEvents = YES;
				INFOPLIST_KEY_UILaunchStoryboardName = LaunchScreen;
				INFOPLIST_KEY_UISupportedInterfaceOrientations_iPad = "UIInterfaceOrientationPortrait UIInterfaceOrientationPortraitUpsideDown UIInterfaceOrientationLandscapeLeft UIInterfaceOrientationLandscapeRight";
				INFOPLIST_KEY_UISupportedInterfaceOrientations_iPhone = "UIInterfaceOrientationPortrait UIInterfaceOrientationLandscapeLeft UIInterfaceOrientationLandscapeRight";
				LD_RUNPATH_SEARCH_PATHS = (
					"$(inherited)",
					"@executable_path/Frameworks",
				);
				MARKETING_VERSION = 1.0;
				PRODUCT_BUNDLE_IDENTIFIER = com.MvvmAndCleanArchitecture;
				PRODUCT_NAME = "$(TARGET_NAME)";
				SWIFT_EMIT_LOC_STRINGS = YES;
				SWIFT_VERSION = 5.0;
				TARGETED_DEVICE_FAMILY = "1,2";
			};
			name = Release;
		};
/* End XCBuildConfiguration section */

/* Begin XCConfigurationList section */
		EA10DF432AB14C76007CD4A4 /* Build configuration list for PBXProject "MvvmAndCleanArchitecture" */ = {
			isa = XCConfigurationList;
			buildConfigurations = (
				EA10DF5A2AB14C78007CD4A4 /* Debug */,
				EA10DF5B2AB14C78007CD4A4 /* Release */,
			);
			defaultConfigurationIsVisible = 0;
			defaultConfigurationName = Release;
		};
		EA10DF5C2AB14C78007CD4A4 /* Build configuration list for PBXNativeTarget "MvvmAndCleanArchitecture" */ = {
			isa = XCConfigurationList;
			buildConfigurations = (
				EA10DF5D2AB14C78007CD4A4 /* Debug */,
				EA10DF5E2AB14C78007CD4A4 /* Release */,
			);
			defaultConfigurationIsVisible = 0;
			defaultConfigurationName = Release;
		};
/* End XCConfigurationList section */
	};
	rootObject = EA10DF402AB14C76007CD4A4 /* Project object */;
}
